// !$*UTF8*$!
{
	archiveVersion = 1;
	classes = {
	};
	objectVersion = 50;
	objects = {

/* Begin PBXBuildFile section */
		CD5FE838228153F80011168F /* NMapsMap.framework in Frameworks */ = {isa = PBXBuildFile; fileRef = CD5FE837228153F80011168F /* NMapsMap.framework */; };
		CDE187AA22781E5E0049A9D4 /* RNNaverMapPolylineOverlay.m in Sources */ = {isa = PBXBuildFile; fileRef = CDE1879A22781E5D0049A9D4 /* RNNaverMapPolylineOverlay.m */; };
		CDE187AB22781E5E0049A9D4 /* RNNaverMapPathOverlay.m in Sources */ = {isa = PBXBuildFile; fileRef = CDE1879C22781E5D0049A9D4 /* RNNaverMapPathOverlay.m */; };
		CDE187AC22781E5E0049A9D4 /* RNNaverMapPathOverlayManager.m in Sources */ = {isa = PBXBuildFile; fileRef = CDE1879F22781E5D0049A9D4 /* RNNaverMapPathOverlayManager.m */; };
		CDE187AD22781E5E0049A9D4 /* RNNaverMapMarker.m in Sources */ = {isa = PBXBuildFile; fileRef = CDE187A122781E5D0049A9D4 /* RNNaverMapMarker.m */; };
		CDE187AE22781E5E0049A9D4 /* RNNaverMapView.m in Sources */ = {isa = PBXBuildFile; fileRef = CDE187A322781E5D0049A9D4 /* RNNaverMapView.m */; };
		CDE187AF22781E5E0049A9D4 /* RNNaverMapPolylineOverlayManager.m in Sources */ = {isa = PBXBuildFile; fileRef = CDE187A422781E5D0049A9D4 /* RNNaverMapPolylineOverlayManager.m */; };
		CDE187B022781E5E0049A9D4 /* RCTConvert+NMFMapView.m in Sources */ = {isa = PBXBuildFile; fileRef = CDE187A522781E5D0049A9D4 /* RCTConvert+NMFMapView.m */; };
		CDE187B122781E5E0049A9D4 /* RNNaverMapViewManager.m in Sources */ = {isa = PBXBuildFile; fileRef = CDE187A622781E5D0049A9D4 /* RNNaverMapViewManager.m */; };
		CDE187B222781E5E0049A9D4 /* RNNaverMapMarkerManager.m in Sources */ = {isa = PBXBuildFile; fileRef = CDE187A822781E5E0049A9D4 /* RNNaverMapMarkerManager.m */; };
/* End PBXBuildFile section */

/* Begin PBXCopyFilesBuildPhase section */
		CDE1878B22781DD20049A9D4 /* CopyFiles */ = {
			isa = PBXCopyFilesBuildPhase;
			buildActionMask = 2147483647;
			dstPath = "include/$(PRODUCT_NAME)";
			dstSubfolderSpec = 16;
			files = (
			);
			runOnlyForDeploymentPostprocessing = 0;
		};
/* End PBXCopyFilesBuildPhase section */

/* Begin PBXFileReference section */
		CD5FE837228153F80011168F /* NMapsMap.framework */ = {isa = PBXFileReference; lastKnownFileType = wrapper.framework; path = NMapsMap.framework; sourceTree = "<group>"; };
		CDE1878D22781DD20049A9D4 /* libnavermap.a */ = {isa = PBXFileReference; explicitFileType = archive.ar; includeInIndex = 0; path = libnavermap.a; sourceTree = BUILT_PRODUCTS_DIR; };
		CDE1879922781E5D0049A9D4 /* RNNaverMapMarker.h */ = {isa = PBXFileReference; fileEncoding = 4; lastKnownFileType = sourcecode.c.h; path = RNNaverMapMarker.h; sourceTree = "<group>"; };
		CDE1879A22781E5D0049A9D4 /* RNNaverMapPolylineOverlay.m */ = {isa = PBXFileReference; fileEncoding = 4; lastKnownFileType = sourcecode.c.objc; path = RNNaverMapPolylineOverlay.m; sourceTree = "<group>"; };
		CDE1879B22781E5D0049A9D4 /* RNNaverMapView.h */ = {isa = PBXFileReference; fileEncoding = 4; lastKnownFileType = sourcecode.c.h; path = RNNaverMapView.h; sourceTree = "<group>"; };
		CDE1879C22781E5D0049A9D4 /* RNNaverMapPathOverlay.m */ = {isa = PBXFileReference; fileEncoding = 4; lastKnownFileType = sourcecode.c.objc; path = RNNaverMapPathOverlay.m; sourceTree = "<group>"; };
		CDE1879D22781E5D0049A9D4 /* RNNaverMapMarkerManager.h */ = {isa = PBXFileReference; fileEncoding = 4; lastKnownFileType = sourcecode.c.h; path = RNNaverMapMarkerManager.h; sourceTree = "<group>"; };
		CDE1879E22781E5D0049A9D4 /* RNNaverMapPolylineOverlayManager.h */ = {isa = PBXFileReference; fileEncoding = 4; lastKnownFileType = sourcecode.c.h; path = RNNaverMapPolylineOverlayManager.h; sourceTree = "<group>"; };
		CDE1879F22781E5D0049A9D4 /* RNNaverMapPathOverlayManager.m */ = {isa = PBXFileReference; fileEncoding = 4; lastKnownFileType = sourcecode.c.objc; path = RNNaverMapPathOverlayManager.m; sourceTree = "<group>"; };
		CDE187A022781E5D0049A9D4 /* RCTConvert+NMFMapView.h */ = {isa = PBXFileReference; fileEncoding = 4; lastKnownFileType = sourcecode.c.h; path = "RCTConvert+NMFMapView.h"; sourceTree = "<group>"; };
		CDE187A122781E5D0049A9D4 /* RNNaverMapMarker.m */ = {isa = PBXFileReference; fileEncoding = 4; lastKnownFileType = sourcecode.c.objc; path = RNNaverMapMarker.m; sourceTree = "<group>"; };
		CDE187A222781E5D0049A9D4 /* RNNaverMapPathOverlay.h */ = {isa = PBXFileReference; fileEncoding = 4; lastKnownFileType = sourcecode.c.h; path = RNNaverMapPathOverlay.h; sourceTree = "<group>"; };
		CDE187A322781E5D0049A9D4 /* RNNaverMapView.m */ = {isa = PBXFileReference; fileEncoding = 4; lastKnownFileType = sourcecode.c.objc; path = RNNaverMapView.m; sourceTree = "<group>"; };
		CDE187A422781E5D0049A9D4 /* RNNaverMapPolylineOverlayManager.m */ = {isa = PBXFileReference; fileEncoding = 4; lastKnownFileType = sourcecode.c.objc; path = RNNaverMapPolylineOverlayManager.m; sourceTree = "<group>"; };
		CDE187A522781E5D0049A9D4 /* RCTConvert+NMFMapView.m */ = {isa = PBXFileReference; fileEncoding = 4; lastKnownFileType = sourcecode.c.objc; path = "RCTConvert+NMFMapView.m"; sourceTree = "<group>"; };
		CDE187A622781E5D0049A9D4 /* RNNaverMapViewManager.m */ = {isa = PBXFileReference; fileEncoding = 4; lastKnownFileType = sourcecode.c.objc; path = RNNaverMapViewManager.m; sourceTree = "<group>"; };
		CDE187A722781E5D0049A9D4 /* RNNaverMapPathOverlayManager.h */ = {isa = PBXFileReference; fileEncoding = 4; lastKnownFileType = sourcecode.c.h; path = RNNaverMapPathOverlayManager.h; sourceTree = "<group>"; };
		CDE187A822781E5E0049A9D4 /* RNNaverMapMarkerManager.m */ = {isa = PBXFileReference; fileEncoding = 4; lastKnownFileType = sourcecode.c.objc; path = RNNaverMapMarkerManager.m; sourceTree = "<group>"; };
		CDE187A922781E5E0049A9D4 /* RNNaverMapPolylineOverlay.h */ = {isa = PBXFileReference; fileEncoding = 4; lastKnownFileType = sourcecode.c.h; path = RNNaverMapPolylineOverlay.h; sourceTree = "<group>"; };
/* End PBXFileReference section */

/* Begin PBXFrameworksBuildPhase section */
		CDE1878A22781DD20049A9D4 /* Frameworks */ = {
			isa = PBXFrameworksBuildPhase;
			buildActionMask = 2147483647;
			files = (
				CD5FE838228153F80011168F /* NMapsMap.framework in Frameworks */,
			);
			runOnlyForDeploymentPostprocessing = 0;
		};
/* End PBXFrameworksBuildPhase section */

/* Begin PBXGroup section */
		CD5FE7E922814FD10011168F /* Frameworks */ = {
			isa = PBXGroup;
			children = (
				CD5FE837228153F80011168F /* NMapsMap.framework */,
			);
			path = Frameworks;
			sourceTree = "<group>";
		};
		CDE1878422781DD20049A9D4 = {
			isa = PBXGroup;
			children = (
				CD5FE7E922814FD10011168F /* Frameworks */,
				CDE1878F22781DD20049A9D4 /* navermap */,
				CDE1878E22781DD20049A9D4 /* Products */,
			);
			sourceTree = "<group>";
		};
		CDE1878E22781DD20049A9D4 /* Products */ = {
			isa = PBXGroup;
			children = (
				CDE1878D22781DD20049A9D4 /* libnavermap.a */,
			);
			name = Products;
			sourceTree = "<group>";
		};
		CDE1878F22781DD20049A9D4 /* navermap */ = {
			isa = PBXGroup;
			children = (
				CDE187A022781E5D0049A9D4 /* RCTConvert+NMFMapView.h */,
				CDE187A522781E5D0049A9D4 /* RCTConvert+NMFMapView.m */,
				CDE1879922781E5D0049A9D4 /* RNNaverMapMarker.h */,
				CDE187A122781E5D0049A9D4 /* RNNaverMapMarker.m */,
				CDE1879D22781E5D0049A9D4 /* RNNaverMapMarkerManager.h */,
				CDE187A822781E5E0049A9D4 /* RNNaverMapMarkerManager.m */,
				CDE187A222781E5D0049A9D4 /* RNNaverMapPathOverlay.h */,
				CDE1879C22781E5D0049A9D4 /* RNNaverMapPathOverlay.m */,
				CDE187A722781E5D0049A9D4 /* RNNaverMapPathOverlayManager.h */,
				CDE1879F22781E5D0049A9D4 /* RNNaverMapPathOverlayManager.m */,
				CDE187A922781E5E0049A9D4 /* RNNaverMapPolylineOverlay.h */,
				CDE1879A22781E5D0049A9D4 /* RNNaverMapPolylineOverlay.m */,
				CDE1879E22781E5D0049A9D4 /* RNNaverMapPolylineOverlayManager.h */,
				CDE187A422781E5D0049A9D4 /* RNNaverMapPolylineOverlayManager.m */,
				CDE1879B22781E5D0049A9D4 /* RNNaverMapView.h */,
				CDE187A322781E5D0049A9D4 /* RNNaverMapView.m */,
				CDE187A622781E5D0049A9D4 /* RNNaverMapViewManager.m */,
			);
			path = navermap;
			sourceTree = "<group>";
		};
/* End PBXGroup section */

/* Begin PBXNativeTarget section */
		CDE1878C22781DD20049A9D4 /* navermap */ = {
			isa = PBXNativeTarget;
			buildConfigurationList = CDE1879622781DD20049A9D4 /* Build configuration list for PBXNativeTarget "navermap" */;
			buildPhases = (
				CDE1878922781DD20049A9D4 /* Sources */,
				CDE1878A22781DD20049A9D4 /* Frameworks */,
				CDE1878B22781DD20049A9D4 /* CopyFiles */,
			);
			buildRules = (
			);
			dependencies = (
			);
			name = navermap;
			productName = navermap;
			productReference = CDE1878D22781DD20049A9D4 /* libnavermap.a */;
			productType = "com.apple.product-type.library.static";
		};
/* End PBXNativeTarget section */

/* Begin PBXProject section */
		CDE1878522781DD20049A9D4 /* Project object */ = {
			isa = PBXProject;
			attributes = {
				LastUpgradeCheck = 1020;
				ORGANIZATIONNAME = flask;
				TargetAttributes = {
					CDE1878C22781DD20049A9D4 = {
						CreatedOnToolsVersion = 10.2.1;
					};
				};
			};
			buildConfigurationList = CDE1878822781DD20049A9D4 /* Build configuration list for PBXProject "navermap" */;
			compatibilityVersion = "Xcode 9.3";
			developmentRegion = en;
			hasScannedForEncodings = 0;
			knownRegions = (
				en,
			);
			mainGroup = CDE1878422781DD20049A9D4;
			productRefGroup = CDE1878E22781DD20049A9D4 /* Products */;
			projectDirPath = "";
			projectRoot = "";
			targets = (
				CDE1878C22781DD20049A9D4 /* navermap */,
			);
		};
/* End PBXProject section */

/* Begin PBXSourcesBuildPhase section */
		CDE1878922781DD20049A9D4 /* Sources */ = {
			isa = PBXSourcesBuildPhase;
			buildActionMask = 2147483647;
			files = (
				CDE187AE22781E5E0049A9D4 /* RNNaverMapView.m in Sources */,
				CDE187B022781E5E0049A9D4 /* RCTConvert+NMFMapView.m in Sources */,
				CDE187AA22781E5E0049A9D4 /* RNNaverMapPolylineOverlay.m in Sources */,
				CDE187B222781E5E0049A9D4 /* RNNaverMapMarkerManager.m in Sources */,
				CDE187AD22781E5E0049A9D4 /* RNNaverMapMarker.m in Sources */,
				CDE187B122781E5E0049A9D4 /* RNNaverMapViewManager.m in Sources */,
				CDE187AC22781E5E0049A9D4 /* RNNaverMapPathOverlayManager.m in Sources */,
				CDE187AF22781E5E0049A9D4 /* RNNaverMapPolylineOverlayManager.m in Sources */,
				CDE187AB22781E5E0049A9D4 /* RNNaverMapPathOverlay.m in Sources */,
			);
			runOnlyForDeploymentPostprocessing = 0;
		};
/* End PBXSourcesBuildPhase section */

/* Begin XCBuildConfiguration section */
		CDE1879422781DD20049A9D4 /* Debug */ = {
			isa = XCBuildConfiguration;
			buildSettings = {
				ALWAYS_SEARCH_USER_PATHS = NO;
				CLANG_ANALYZER_NONNULL = YES;
				CLANG_ANALYZER_NUMBER_OBJECT_CONVERSION = YES_AGGRESSIVE;
				CLANG_CXX_LANGUAGE_STANDARD = "gnu++14";
				CLANG_CXX_LIBRARY = "libc++";
				CLANG_ENABLE_MODULES = YES;
				CLANG_ENABLE_OBJC_ARC = YES;
				CLANG_ENABLE_OBJC_WEAK = YES;
				CLANG_WARN_BLOCK_CAPTURE_AUTORELEASING = YES;
				CLANG_WARN_BOOL_CONVERSION = YES;
				CLANG_WARN_COMMA = YES;
				CLANG_WARN_CONSTANT_CONVERSION = YES;
				CLANG_WARN_DEPRECATED_OBJC_IMPLEMENTATIONS = YES;
				CLANG_WARN_DIRECT_OBJC_ISA_USAGE = YES_ERROR;
				CLANG_WARN_DOCUMENTATION_COMMENTS = YES;
				CLANG_WARN_EMPTY_BODY = YES;
				CLANG_WARN_ENUM_CONVERSION = YES;
				CLANG_WARN_INFINITE_RECURSION = YES;
				CLANG_WARN_INT_CONVERSION = YES;
				CLANG_WARN_NON_LITERAL_NULL_CONVERSION = YES;
				CLANG_WARN_OBJC_IMPLICIT_RETAIN_SELF = YES;
				CLANG_WARN_OBJC_LITERAL_CONVERSION = YES;
				CLANG_WARN_OBJC_ROOT_CLASS = YES_ERROR;
				CLANG_WARN_RANGE_LOOP_ANALYSIS = YES;
				CLANG_WARN_STRICT_PROTOTYPES = YES;
				CLANG_WARN_SUSPICIOUS_MOVE = YES;
				CLANG_WARN_UNGUARDED_AVAILABILITY = YES_AGGRESSIVE;
				CLANG_WARN_UNREACHABLE_CODE = YES;
				CLANG_WARN__DUPLICATE_METHOD_MATCH = YES;
				CODE_SIGN_IDENTITY = "iPhone Developer";
				COPY_PHASE_STRIP = NO;
				DEBUG_INFORMATION_FORMAT = dwarf;
				ENABLE_STRICT_OBJC_MSGSEND = YES;
				ENABLE_TESTABILITY = YES;
				GCC_C_LANGUAGE_STANDARD = gnu11;
				GCC_DYNAMIC_NO_PIC = NO;
				GCC_NO_COMMON_BLOCKS = YES;
				GCC_OPTIMIZATION_LEVEL = 0;
				GCC_PREPROCESSOR_DEFINITIONS = (
					"DEBUG=1",
					"$(inherited)",
				);
				GCC_WARN_64_TO_32_BIT_CONVERSION = YES;
				GCC_WARN_ABOUT_RETURN_TYPE = YES_ERROR;
				GCC_WARN_UNDECLARED_SELECTOR = YES;
				GCC_WARN_UNINITIALIZED_AUTOS = YES_AGGRESSIVE;
				GCC_WARN_UNUSED_FUNCTION = YES;
				GCC_WARN_UNUSED_VARIABLE = YES;
				IPHONEOS_DEPLOYMENT_TARGET = 12.2;
				MTL_ENABLE_DEBUG_INFO = INCLUDE_SOURCE;
				MTL_FAST_MATH = YES;
				ONLY_ACTIVE_ARCH = YES;
				SDKROOT = iphoneos;
			};
			name = Debug;
		};
		CDE1879522781DD20049A9D4 /* Release */ = {
			isa = XCBuildConfiguration;
			buildSettings = {
				ALWAYS_SEARCH_USER_PATHS = NO;
				CLANG_ANALYZER_NONNULL = YES;
				CLANG_ANALYZER_NUMBER_OBJECT_CONVERSION = YES_AGGRESSIVE;
				CLANG_CXX_LANGUAGE_STANDARD = "gnu++14";
				CLANG_CXX_LIBRARY = "libc++";
				CLANG_ENABLE_MODULES = YES;
				CLANG_ENABLE_OBJC_ARC = YES;
				CLANG_ENABLE_OBJC_WEAK = YES;
				CLANG_WARN_BLOCK_CAPTURE_AUTORELEASING = YES;
				CLANG_WARN_BOOL_CONVERSION = YES;
				CLANG_WARN_COMMA = YES;
				CLANG_WARN_CONSTANT_CONVERSION = YES;
				CLANG_WARN_DEPRECATED_OBJC_IMPLEMENTATIONS = YES;
				CLANG_WARN_DIRECT_OBJC_ISA_USAGE = YES_ERROR;
				CLANG_WARN_DOCUMENTATION_COMMENTS = YES;
				CLANG_WARN_EMPTY_BODY = YES;
				CLANG_WARN_ENUM_CONVERSION = YES;
				CLANG_WARN_INFINITE_RECURSION = YES;
				CLANG_WARN_INT_CONVERSION = YES;
				CLANG_WARN_NON_LITERAL_NULL_CONVERSION = YES;
				CLANG_WARN_OBJC_IMPLICIT_RETAIN_SELF = YES;
				CLANG_WARN_OBJC_LITERAL_CONVERSION = YES;
				CLANG_WARN_OBJC_ROOT_CLASS = YES_ERROR;
				CLANG_WARN_RANGE_LOOP_ANALYSIS = YES;
				CLANG_WARN_STRICT_PROTOTYPES = YES;
				CLANG_WARN_SUSPICIOUS_MOVE = YES;
				CLANG_WARN_UNGUARDED_AVAILABILITY = YES_AGGRESSIVE;
				CLANG_WARN_UNREACHABLE_CODE = YES;
				CLANG_WARN__DUPLICATE_METHOD_MATCH = YES;
				CODE_SIGN_IDENTITY = "iPhone Developer";
				COPY_PHASE_STRIP = NO;
				DEBUG_INFORMATION_FORMAT = "dwarf-with-dsym";
				ENABLE_NS_ASSERTIONS = NO;
				ENABLE_STRICT_OBJC_MSGSEND = YES;
				GCC_C_LANGUAGE_STANDARD = gnu11;
				GCC_NO_COMMON_BLOCKS = YES;
				GCC_WARN_64_TO_32_BIT_CONVERSION = YES;
				GCC_WARN_ABOUT_RETURN_TYPE = YES_ERROR;
				GCC_WARN_UNDECLARED_SELECTOR = YES;
				GCC_WARN_UNINITIALIZED_AUTOS = YES_AGGRESSIVE;
				GCC_WARN_UNUSED_FUNCTION = YES;
				GCC_WARN_UNUSED_VARIABLE = YES;
				IPHONEOS_DEPLOYMENT_TARGET = 12.2;
				MTL_ENABLE_DEBUG_INFO = NO;
				MTL_FAST_MATH = YES;
				SDKROOT = iphoneos;
				VALIDATE_PRODUCT = YES;
			};
			name = Release;
		};
		CDE1879722781DD20049A9D4 /* Debug */ = {
			isa = XCBuildConfiguration;
			buildSettings = {
				CODE_SIGN_STYLE = Automatic;
				FRAMEWORK_SEARCH_PATHS = (
					"$(inherited)",
					"$(PROJECT_DIR)",
					"$(PROJECT_DIR)/Frameworks",
				);
				HEADER_SEARCH_PATHS = (
					"$(SRCROOT)/../../react-native/React/**",
					"$(SRCROOT)/../../react-native/Libraries/Image",
				);
				OTHER_LDFLAGS = "-ObjC";
				PRODUCT_NAME = "$(TARGET_NAME)";
				SKIP_INSTALL = YES;
				TARGETED_DEVICE_FAMILY = "1,2";
			};
			name = Debug;
		};
		CDE1879822781DD20049A9D4 /* Release */ = {
			isa = XCBuildConfiguration;
			buildSettings = {
				CODE_SIGN_STYLE = Automatic;
				FRAMEWORK_SEARCH_PATHS = (
					"$(inherited)",
					"$(PROJECT_DIR)",
					"$(PROJECT_DIR)/Frameworks",
				);
				HEADER_SEARCH_PATHS = (
					"$(SRCROOT)/../../react-native/React/**",
					"$(SRCROOT)/../../react-native/Libraries/Image",
				);
				OTHER_LDFLAGS = "-ObjC";
				PRODUCT_NAME = "$(TARGET_NAME)";
				SKIP_INSTALL = YES;
				TARGETED_DEVICE_FAMILY = "1,2";
			};
			name = Release;
		};
/* End XCBuildConfiguration section */

/* Begin XCConfigurationList section */
		CDE1878822781DD20049A9D4 /* Build configuration list for PBXProject "navermap" */ = {
			isa = XCConfigurationList;
			buildConfigurations = (
				CDE1879422781DD20049A9D4 /* Debug */,
				CDE1879522781DD20049A9D4 /* Release */,
			);
			defaultConfigurationIsVisible = 0;
			defaultConfigurationName = Release;
		};
		CDE1879622781DD20049A9D4 /* Build configuration list for PBXNativeTarget "navermap" */ = {
			isa = XCConfigurationList;
			buildConfigurations = (
				CDE1879722781DD20049A9D4 /* Debug */,
				CDE1879822781DD20049A9D4 /* Release */,
			);
			defaultConfigurationIsVisible = 0;
			defaultConfigurationName = Release;
		};
/* End XCConfigurationList section */
	};
	rootObject = CDE1878522781DD20049A9D4 /* Project object */;
}
